
Microsoft Visual Studio Solution File, Format Version 12.00
# Visual Studio 15
VisualStudioVersion = 15.0.27130.2036
MinimumVisualStudioVersion = 10.0.40219.1
Project("{FAE04EC0-301F-11D3-BF4B-00C04F79EFBC}") = "GelbooruTagDownloader", "GelbooruTagDownloader\GelbooruTagDownloader.csproj", "{050CE374-51BA-4214-A0E5-78FDA28F8C3E}"
EndProject
Global
	GlobalSection(SolutionConfigurationPlatforms) = preSolution
		Debug|Any CPU = Debug|Any CPU
		Release|Any CPU = Release|Any CPU
	EndGlobalSection
	GlobalSection(ProjectConfigurationPlatforms) = postSolution
		{050CE374-51BA-4214-A0E5-78FDA28F8C3E}.Debug|Any CPU.ActiveCfg = Debug|Any CPU
		{050CE374-51BA-4214-A0E5-78FDA28F8C3E}.Debug|Any CPU.Build.0 = Debug|Any CPU
		{050CE374-51BA-4214-A0E5-78FDA28F8C3E}.Release|Any CPU.ActiveCfg = Release|Any CPU
		{050CE374-51BA-4214-A0E5-78FDA28F8C3E}.Release|Any CPU.Build.0 = Release|Any CPU
	EndGlobalSection
	GlobalSection(SolutionProperties) = preSolution
		HideSolutionNode = FALSE
	EndGlobalSection
	GlobalSection(ExtensibilityGlobals) = postSolution
		SolutionGuid = {EE458D4F-22ED-4A6A-A8D0-F634B293FB18}
	EndGlobalSection
EndGlobal
